// !$*UTF8*$!
{
	archiveVersion = 1;
	classes = {
	};
	objectVersion = 46;
	objects = {

/* Begin PBXBuildFile section */
		AD411AAA1B3AE09D009AF63A /* OpponentsTableViewController.swift in Sources */ = {isa = PBXBuildFile; fileRef = AD411AA91B3AE09D009AF63A /* OpponentsTableViewController.swift */; };
		AD411AAC1B3AEAE4009AF63A /* OppShotsTableViewController.swift in Sources */ = {isa = PBXBuildFile; fileRef = AD411AAB1B3AEAE4009AF63A /* OppShotsTableViewController.swift */; };
		AD411AAE1B3AEB40009AF63A /* OppSelectedShotViewController.swift in Sources */ = {isa = PBXBuildFile; fileRef = AD411AAD1B3AEB40009AF63A /* OppSelectedShotViewController.swift */; };
		AD411AB01B3AED9E009AF63A /* AddPlayerViewController.swift in Sources */ = {isa = PBXBuildFile; fileRef = AD411AAF1B3AED9E009AF63A /* AddPlayerViewController.swift */; };
		AD9AAE0A1B3A117F0088D842 /* MainMenuViewController.swift in Sources */ = {isa = PBXBuildFile; fileRef = AD9AAE091B3A117F0088D842 /* MainMenuViewController.swift */; };
		AD9BED281B3AC3D90011CB4A /* GeneralTableViewController.swift in Sources */ = {isa = PBXBuildFile; fileRef = AD9BED271B3AC3D90011CB4A /* GeneralTableViewController.swift */; };
		AD9BED2A1B3AC72A0011CB4A /* GenericSelfViewController.swift in Sources */ = {isa = PBXBuildFile; fileRef = AD9BED291B3AC72A0011CB4A /* GenericSelfViewController.swift */; };
		ADBAA7531B3A18610078BEF8 /* LogoutViewController.swift in Sources */ = {isa = PBXBuildFile; fileRef = ADBAA7521B3A18610078BEF8 /* LogoutViewController.swift */; };
		ADDF0F5A1B39ED9300594445 /* AppDelegate.swift in Sources */ = {isa = PBXBuildFile; fileRef = ADDF0F591B39ED9300594445 /* AppDelegate.swift */; };
		ADDF0F5C1B39ED9300594445 /* ViewController.swift in Sources */ = {isa = PBXBuildFile; fileRef = ADDF0F5B1B39ED9300594445 /* ViewController.swift */; };
		ADDF0F5F1B39ED9300594445 /* Main.storyboard in Resources */ = {isa = PBXBuildFile; fileRef = ADDF0F5D1B39ED9300594445 /* Main.storyboard */; };
		ADDF0F611B39ED9300594445 /* Images.xcassets in Resources */ = {isa = PBXBuildFile; fileRef = ADDF0F601B39ED9300594445 /* Images.xcassets */; };
		ADDF0F641B39ED9300594445 /* LaunchScreen.xib in Resources */ = {isa = PBXBuildFile; fileRef = ADDF0F621B39ED9300594445 /* LaunchScreen.xib */; };
		ADDF0F701B39ED9300594445 /* TennisNotesTests.swift in Sources */ = {isa = PBXBuildFile; fileRef = ADDF0F6F1B39ED9300594445 /* TennisNotesTests.swift */; };
		ADDF0F7A1B39F66400594445 /* Parse.framework in Frameworks */ = {isa = PBXBuildFile; fileRef = ADDF0F791B39F66400594445 /* Parse.framework */; };
		ADDF0F7C1B39F67E00594445 /* Bolts.framework in Frameworks */ = {isa = PBXBuildFile; fileRef = ADDF0F7B1B39F67E00594445 /* Bolts.framework */; };
		ADDF0F7E1B39F6CB00594445 /* AudioToolbox.framework in Frameworks */ = {isa = PBXBuildFile; fileRef = ADDF0F7D1B39F6CB00594445 /* AudioToolbox.framework */; };
		ADDF0F801B39F6D100594445 /* CFNetwork.framework in Frameworks */ = {isa = PBXBuildFile; fileRef = ADDF0F7F1B39F6D100594445 /* CFNetwork.framework */; };
		ADDF0F821B39F6D700594445 /* CoreGraphics.framework in Frameworks */ = {isa = PBXBuildFile; fileRef = ADDF0F811B39F6D700594445 /* CoreGraphics.framework */; };
		ADDF0F841B39F6DC00594445 /* CoreLocation.framework in Frameworks */ = {isa = PBXBuildFile; fileRef = ADDF0F831B39F6DC00594445 /* CoreLocation.framework */; };
		ADDF0F861B39F6E200594445 /* MobileCoreServices.framework in Frameworks */ = {isa = PBXBuildFile; fileRef = ADDF0F851B39F6E200594445 /* MobileCoreServices.framework */; };
		ADDF0F881B39F6E800594445 /* QuartzCore.framework in Frameworks */ = {isa = PBXBuildFile; fileRef = ADDF0F871B39F6E800594445 /* QuartzCore.framework */; };
		ADDF0F8A1B39F6EE00594445 /* Security.framework in Frameworks */ = {isa = PBXBuildFile; fileRef = ADDF0F891B39F6EE00594445 /* Security.framework */; };
		ADDF0F8C1B39F6F500594445 /* StoreKit.framework in Frameworks */ = {isa = PBXBuildFile; fileRef = ADDF0F8B1B39F6F500594445 /* StoreKit.framework */; };
		ADDF0F8E1B39F6FC00594445 /* SystemConfiguration.framework in Frameworks */ = {isa = PBXBuildFile; fileRef = ADDF0F8D1B39F6FC00594445 /* SystemConfiguration.framework */; };
		ADDF0F901B39F70400594445 /* libz.dylib in Frameworks */ = {isa = PBXBuildFile; fileRef = ADDF0F8F1B39F70400594445 /* libz.dylib */; };
		ADDF0F921B39F70C00594445 /* libsqlite3.dylib in Frameworks */ = {isa = PBXBuildFile; fileRef = ADDF0F911B39F70C00594445 /* libsqlite3.dylib */; };
/* End PBXBuildFile section */

/* Begin PBXContainerItemProxy section */
		ADDF0F6A1B39ED9300594445 /* PBXContainerItemProxy */ = {
			isa = PBXContainerItemProxy;
			containerPortal = ADDF0F4C1B39ED9300594445 /* Project object */;
			proxyType = 1;
			remoteGlobalIDString = ADDF0F531B39ED9300594445;
			remoteInfo = TennisNotes;
		};
/* End PBXContainerItemProxy section */

/* Begin PBXFileReference section */
		AD411AA91B3AE09D009AF63A /* OpponentsTableViewController.swift */ = {isa = PBXFileReference; fileEncoding = 4; lastKnownFileType = sourcecode.swift; path = OpponentsTableViewController.swift; sourceTree = "<group>"; };
		AD411AAB1B3AEAE4009AF63A /* OppShotsTableViewController.swift */ = {isa = PBXFileReference; fileEncoding = 4; lastKnownFileType = sourcecode.swift; path = OppShotsTableViewController.swift; sourceTree = "<group>"; };
		AD411AAD1B3AEB40009AF63A /* OppSelectedShotViewController.swift */ = {isa = PBXFileReference; fileEncoding = 4; lastKnownFileType = sourcecode.swift; path = OppSelectedShotViewController.swift; sourceTree = "<group>"; };
		AD411AAF1B3AED9E009AF63A /* AddPlayerViewController.swift */ = {isa = PBXFileReference; fileEncoding = 4; lastKnownFileType = sourcecode.swift; path = AddPlayerViewController.swift; sourceTree = "<group>"; };
		AD9AAE091B3A117F0088D842 /* MainMenuViewController.swift */ = {isa = PBXFileReference; fileEncoding = 4; lastKnownFileType = sourcecode.swift; path = MainMenuViewController.swift; sourceTree = "<group>"; };
		AD9BED271B3AC3D90011CB4A /* GeneralTableViewController.swift */ = {isa = PBXFileReference; fileEncoding = 4; lastKnownFileType = sourcecode.swift; path = GeneralTableViewController.swift; sourceTree = "<group>"; };
		AD9BED291B3AC72A0011CB4A /* GenericSelfViewController.swift */ = {isa = PBXFileReference; fileEncoding = 4; lastKnownFileType = sourcecode.swift; path = GenericSelfViewController.swift; sourceTree = "<group>"; };
		ADBAA7521B3A18610078BEF8 /* LogoutViewController.swift */ = {isa = PBXFileReference; fileEncoding = 4; lastKnownFileType = sourcecode.swift; path = LogoutViewController.swift; sourceTree = "<group>"; };
		ADDF0F541B39ED9300594445 /* TennisNotes.app */ = {isa = PBXFileReference; explicitFileType = wrapper.application; includeInIndex = 0; path = TennisNotes.app; sourceTree = BUILT_PRODUCTS_DIR; };
		ADDF0F581B39ED9300594445 /* Info.plist */ = {isa = PBXFileReference; lastKnownFileType = text.plist.xml; path = Info.plist; sourceTree = "<group>"; };
		ADDF0F591B39ED9300594445 /* AppDelegate.swift */ = {isa = PBXFileReference; lastKnownFileType = sourcecode.swift; path = AppDelegate.swift; sourceTree = "<group>"; };
		ADDF0F5B1B39ED9300594445 /* ViewController.swift */ = {isa = PBXFileReference; lastKnownFileType = sourcecode.swift; path = ViewController.swift; sourceTree = "<group>"; };
		ADDF0F5E1B39ED9300594445 /* Base */ = {isa = PBXFileReference; lastKnownFileType = file.storyboard; name = Base; path = Base.lproj/Main.storyboard; sourceTree = "<group>"; };
		ADDF0F601B39ED9300594445 /* Images.xcassets */ = {isa = PBXFileReference; lastKnownFileType = folder.assetcatalog; path = Images.xcassets; sourceTree = "<group>"; };
		ADDF0F631B39ED9300594445 /* Base */ = {isa = PBXFileReference; lastKnownFileType = file.xib; name = Base; path = Base.lproj/LaunchScreen.xib; sourceTree = "<group>"; };
		ADDF0F691B39ED9300594445 /* TennisNotesTests.xctest */ = {isa = PBXFileReference; explicitFileType = wrapper.cfbundle; includeInIndex = 0; path = TennisNotesTests.xctest; sourceTree = BUILT_PRODUCTS_DIR; };
		ADDF0F6E1B39ED9300594445 /* Info.plist */ = {isa = PBXFileReference; lastKnownFileType = text.plist.xml; path = Info.plist; sourceTree = "<group>"; };
		ADDF0F6F1B39ED9300594445 /* TennisNotesTests.swift */ = {isa = PBXFileReference; lastKnownFileType = sourcecode.swift; path = TennisNotesTests.swift; sourceTree = "<group>"; };
		ADDF0F791B39F66400594445 /* Parse.framework */ = {isa = PBXFileReference; lastKnownFileType = wrapper.framework; path = Parse.framework; sourceTree = "<group>"; };
		ADDF0F7B1B39F67E00594445 /* Bolts.framework */ = {isa = PBXFileReference; lastKnownFileType = wrapper.framework; path = Bolts.framework; sourceTree = "<group>"; };
		ADDF0F7D1B39F6CB00594445 /* AudioToolbox.framework */ = {isa = PBXFileReference; lastKnownFileType = wrapper.framework; name = AudioToolbox.framework; path = System/Library/Frameworks/AudioToolbox.framework; sourceTree = SDKROOT; };
		ADDF0F7F1B39F6D100594445 /* CFNetwork.framework */ = {isa = PBXFileReference; lastKnownFileType = wrapper.framework; name = CFNetwork.framework; path = System/Library/Frameworks/CFNetwork.framework; sourceTree = SDKROOT; };
		ADDF0F811B39F6D700594445 /* CoreGraphics.framework */ = {isa = PBXFileReference; lastKnownFileType = wrapper.framework; name = CoreGraphics.framework; path = System/Library/Frameworks/CoreGraphics.framework; sourceTree = SDKROOT; };
		ADDF0F831B39F6DC00594445 /* CoreLocation.framework */ = {isa = PBXFileReference; lastKnownFileType = wrapper.framework; name = CoreLocation.framework; path = System/Library/Frameworks/CoreLocation.framework; sourceTree = SDKROOT; };
		ADDF0F851B39F6E200594445 /* MobileCoreServices.framework */ = {isa = PBXFileReference; lastKnownFileType = wrapper.framework; name = MobileCoreServices.framework; path = System/Library/Frameworks/MobileCoreServices.framework; sourceTree = SDKROOT; };
		ADDF0F871B39F6E800594445 /* QuartzCore.framework */ = {isa = PBXFileReference; lastKnownFileType = wrapper.framework; name = QuartzCore.framework; path = System/Library/Frameworks/QuartzCore.framework; sourceTree = SDKROOT; };
		ADDF0F891B39F6EE00594445 /* Security.framework */ = {isa = PBXFileReference; lastKnownFileType = wrapper.framework; name = Security.framework; path = System/Library/Frameworks/Security.framework; sourceTree = SDKROOT; };
		ADDF0F8B1B39F6F500594445 /* StoreKit.framework */ = {isa = PBXFileReference; lastKnownFileType = wrapper.framework; name = StoreKit.framework; path = System/Library/Frameworks/StoreKit.framework; sourceTree = SDKROOT; };
		ADDF0F8D1B39F6FC00594445 /* SystemConfiguration.framework */ = {isa = PBXFileReference; lastKnownFileType = wrapper.framework; name = SystemConfiguration.framework; path = System/Library/Frameworks/SystemConfiguration.framework; sourceTree = SDKROOT; };
		ADDF0F8F1B39F70400594445 /* libz.dylib */ = {isa = PBXFileReference; lastKnownFileType = "compiled.mach-o.dylib"; name = libz.dylib; path = usr/lib/libz.dylib; sourceTree = SDKROOT; };
		ADDF0F911B39F70C00594445 /* libsqlite3.dylib */ = {isa = PBXFileReference; lastKnownFileType = "compiled.mach-o.dylib"; name = libsqlite3.dylib; path = usr/lib/libsqlite3.dylib; sourceTree = SDKROOT; };
/* End PBXFileReference section */

/* Begin PBXFrameworksBuildPhase section */
		ADDF0F511B39ED9300594445 /* Frameworks */ = {
			isa = PBXFrameworksBuildPhase;
			buildActionMask = 2147483647;
			files = (
				ADDF0F921B39F70C00594445 /* libsqlite3.dylib in Frameworks */,
				ADDF0F901B39F70400594445 /* libz.dylib in Frameworks */,
				ADDF0F8E1B39F6FC00594445 /* SystemConfiguration.framework in Frameworks */,
				ADDF0F8C1B39F6F500594445 /* StoreKit.framework in Frameworks */,
				ADDF0F8A1B39F6EE00594445 /* Security.framework in Frameworks */,
				ADDF0F881B39F6E800594445 /* QuartzCore.framework in Frameworks */,
				ADDF0F861B39F6E200594445 /* MobileCoreServices.framework in Frameworks */,
				ADDF0F841B39F6DC00594445 /* CoreLocation.framework in Frameworks */,
				ADDF0F821B39F6D700594445 /* CoreGraphics.framework in Frameworks */,
				ADDF0F801B39F6D100594445 /* CFNetwork.framework in Frameworks */,
				ADDF0F7E1B39F6CB00594445 /* AudioToolbox.framework in Frameworks */,
				ADDF0F7A1B39F66400594445 /* Parse.framework in Frameworks */,
				ADDF0F7C1B39F67E00594445 /* Bolts.framework in Frameworks */,
			);
			runOnlyForDeploymentPostprocessing = 0;
		};
		ADDF0F661B39ED9300594445 /* Frameworks */ = {
			isa = PBXFrameworksBuildPhase;
			buildActionMask = 2147483647;
			files = (
			);
			runOnlyForDeploymentPostprocessing = 0;
		};
/* End PBXFrameworksBuildPhase section */

/* Begin PBXGroup section */
		ADDF0F4B1B39ED9300594445 = {
			isa = PBXGroup;
			children = (
				ADDF0F911B39F70C00594445 /* libsqlite3.dylib */,
				ADDF0F8F1B39F70400594445 /* libz.dylib */,
				ADDF0F8D1B39F6FC00594445 /* SystemConfiguration.framework */,
				ADDF0F8B1B39F6F500594445 /* StoreKit.framework */,
				ADDF0F891B39F6EE00594445 /* Security.framework */,
				ADDF0F871B39F6E800594445 /* QuartzCore.framework */,
				ADDF0F851B39F6E200594445 /* MobileCoreServices.framework */,
				ADDF0F831B39F6DC00594445 /* CoreLocation.framework */,
				ADDF0F811B39F6D700594445 /* CoreGraphics.framework */,
				ADDF0F7F1B39F6D100594445 /* CFNetwork.framework */,
				ADDF0F7D1B39F6CB00594445 /* AudioToolbox.framework */,
				ADDF0F7B1B39F67E00594445 /* Bolts.framework */,
				ADDF0F791B39F66400594445 /* Parse.framework */,
				ADDF0F561B39ED9300594445 /* TennisNotes */,
				ADDF0F6C1B39ED9300594445 /* TennisNotesTests */,
				ADDF0F551B39ED9300594445 /* Products */,
			);
			sourceTree = "<group>";
		};
		ADDF0F551B39ED9300594445 /* Products */ = {
			isa = PBXGroup;
			children = (
				ADDF0F541B39ED9300594445 /* TennisNotes.app */,
				ADDF0F691B39ED9300594445 /* TennisNotesTests.xctest */,
			);
			name = Products;
			sourceTree = "<group>";
		};
		ADDF0F561B39ED9300594445 /* TennisNotes */ = {
			isa = PBXGroup;
			children = (
				ADDF0F591B39ED9300594445 /* AppDelegate.swift */,
				ADDF0F5B1B39ED9300594445 /* ViewController.swift */,
				ADDF0F5D1B39ED9300594445 /* Main.storyboard */,
				AD411AAF1B3AED9E009AF63A /* AddPlayerViewController.swift */,
				AD411AAD1B3AEB40009AF63A /* OppSelectedShotViewController.swift */,
				AD411AAB1B3AEAE4009AF63A /* OppShotsTableViewController.swift */,
				AD411AA91B3AE09D009AF63A /* OpponentsTableViewController.swift */,
				AD9BED291B3AC72A0011CB4A /* GenericSelfViewController.swift */,
				AD9BED271B3AC3D90011CB4A /* GeneralTableViewController.swift */,
				ADBAA7521B3A18610078BEF8 /* LogoutViewController.swift */,
				AD9AAE091B3A117F0088D842 /* MainMenuViewController.swift */,
				ADDF0F601B39ED9300594445 /* Images.xcassets */,
				ADDF0F621B39ED9300594445 /* LaunchScreen.xib */,
				ADDF0F571B39ED9300594445 /* Supporting Files */,
			);
			path = TennisNotes;
			sourceTree = "<group>";
		};
		ADDF0F571B39ED9300594445 /* Supporting Files */ = {
			isa = PBXGroup;
			children = (
				ADDF0F581B39ED9300594445 /* Info.plist */,
			);
			name = "Supporting Files";
			sourceTree = "<group>";
		};
		ADDF0F6C1B39ED9300594445 /* TennisNotesTests */ = {
			isa = PBXGroup;
			children = (
				ADDF0F6F1B39ED9300594445 /* TennisNotesTests.swift */,
				ADDF0F6D1B39ED9300594445 /* Supporting Files */,
			);
			path = TennisNotesTests;
			sourceTree = "<group>";
		};
		ADDF0F6D1B39ED9300594445 /* Supporting Files */ = {
			isa = PBXGroup;
			children = (
				ADDF0F6E1B39ED9300594445 /* Info.plist */,
			);
			name = "Supporting Files";
			sourceTree = "<group>";
		};
/* End PBXGroup section */

/* Begin PBXNativeTarget section */
		ADDF0F531B39ED9300594445 /* TennisNotes */ = {
			isa = PBXNativeTarget;
			buildConfigurationList = ADDF0F731B39ED9300594445 /* Build configuration list for PBXNativeTarget "TennisNotes" */;
			buildPhases = (
				ADDF0F501B39ED9300594445 /* Sources */,
				ADDF0F511B39ED9300594445 /* Frameworks */,
				ADDF0F521B39ED9300594445 /* Resources */,
			);
			buildRules = (
			);
			dependencies = (
			);
			name = TennisNotes;
			productName = TennisNotes;
			productReference = ADDF0F541B39ED9300594445 /* TennisNotes.app */;
			productType = "com.apple.product-type.application";
		};
		ADDF0F681B39ED9300594445 /* TennisNotesTests */ = {
			isa = PBXNativeTarget;
			buildConfigurationList = ADDF0F761B39ED9300594445 /* Build configuration list for PBXNativeTarget "TennisNotesTests" */;
			buildPhases = (
				ADDF0F651B39ED9300594445 /* Sources */,
				ADDF0F661B39ED9300594445 /* Frameworks */,
				ADDF0F671B39ED9300594445 /* Resources */,
			);
			buildRules = (
			);
			dependencies = (
				ADDF0F6B1B39ED9300594445 /* PBXTargetDependency */,
			);
			name = TennisNotesTests;
			productName = TennisNotesTests;
			productReference = ADDF0F691B39ED9300594445 /* TennisNotesTests.xctest */;
			productType = "com.apple.product-type.bundle.unit-test";
		};
/* End PBXNativeTarget section */

/* Begin PBXProject section */
		ADDF0F4C1B39ED9300594445 /* Project object */ = {
			isa = PBXProject;
			attributes = {
				LastUpgradeCheck = 0630;
				ORGANIZATIONNAME = "Andrew Grant";
				TargetAttributes = {
					ADDF0F531B39ED9300594445 = {
						CreatedOnToolsVersion = 6.3.2;
					};
					ADDF0F681B39ED9300594445 = {
						CreatedOnToolsVersion = 6.3.2;
						TestTargetID = ADDF0F531B39ED9300594445;
					};
				};
			};
			buildConfigurationList = ADDF0F4F1B39ED9300594445 /* Build configuration list for PBXProject "TennisNotes" */;
			compatibilityVersion = "Xcode 3.2";
			developmentRegion = English;
			hasScannedForEncodings = 0;
			knownRegions = (
				en,
				Base,
			);
			mainGroup = ADDF0F4B1B39ED9300594445;
			productRefGroup = ADDF0F551B39ED9300594445 /* Products */;
			projectDirPath = "";
			projectRoot = "";
			targets = (
				ADDF0F531B39ED9300594445 /* TennisNotes */,
				ADDF0F681B39ED9300594445 /* TennisNotesTests */,
			);
		};
/* End PBXProject section */

/* Begin PBXResourcesBuildPhase section */
		ADDF0F521B39ED9300594445 /* Resources */ = {
			isa = PBXResourcesBuildPhase;
			buildActionMask = 2147483647;
			files = (
				ADDF0F5F1B39ED9300594445 /* Main.storyboard in Resources */,
				ADDF0F641B39ED9300594445 /* LaunchScreen.xib in Resources */,
				ADDF0F611B39ED9300594445 /* Images.xcassets in Resources */,
			);
			runOnlyForDeploymentPostprocessing = 0;
		};
		ADDF0F671B39ED9300594445 /* Resources */ = {
			isa = PBXResourcesBuildPhase;
			buildActionMask = 2147483647;
			files = (
			);
			runOnlyForDeploymentPostprocessing = 0;
		};
/* End PBXResourcesBuildPhase section */

/* Begin PBXSourcesBuildPhase section */
		ADDF0F501B39ED9300594445 /* Sources */ = {
			isa = PBXSourcesBuildPhase;
			buildActionMask = 2147483647;
			files = (
				AD9BED2A1B3AC72A0011CB4A /* GenericSelfViewController.swift in Sources */,
				AD411AB01B3AED9E009AF63A /* AddPlayerViewController.swift in Sources */,
				AD411AAC1B3AEAE4009AF63A /* OppShotsTableViewController.swift in Sources */,
				AD9AAE0A1B3A117F0088D842 /* MainMenuViewController.swift in Sources */,
				ADDF0F5C1B39ED9300594445 /* ViewController.swift in Sources */,
				ADBAA7531B3A18610078BEF8 /* LogoutViewController.swift in Sources */,
				AD9BED281B3AC3D90011CB4A /* GeneralTableViewController.swift in Sources */,
				ADDF0F5A1B39ED9300594445 /* AppDelegate.swift in Sources */,
				AD411AAA1B3AE09D009AF63A /* OpponentsTableViewController.swift in Sources */,
				AD411AAE1B3AEB40009AF63A /* OppSelectedShotViewController.swift in Sources */,
			);
			runOnlyForDeploymentPostprocessing = 0;
		};
		ADDF0F651B39ED9300594445 /* Sources */ = {
			isa = PBXSourcesBuildPhase;
			buildActionMask = 2147483647;
			files = (
				ADDF0F701B39ED9300594445 /* TennisNotesTests.swift in Sources */,
			);
			runOnlyForDeploymentPostprocessing = 0;
		};
/* End PBXSourcesBuildPhase section */

/* Begin PBXTargetDependency section */
		ADDF0F6B1B39ED9300594445 /* PBXTargetDependency */ = {
			isa = PBXTargetDependency;
			target = ADDF0F531B39ED9300594445 /* TennisNotes */;
			targetProxy = ADDF0F6A1B39ED9300594445 /* PBXContainerItemProxy */;
		};
/* End PBXTargetDependency section */

/* Begin PBXVariantGroup section */
		ADDF0F5D1B39ED9300594445 /* Main.storyboard */ = {
			isa = PBXVariantGroup;
			children = (
				ADDF0F5E1B39ED9300594445 /* Base */,
			);
			name = Main.storyboard;
			sourceTree = "<group>";
		};
		ADDF0F621B39ED9300594445 /* LaunchScreen.xib */ = {
			isa = PBXVariantGroup;
			children = (
				ADDF0F631B39ED9300594445 /* Base */,
			);
			name = LaunchScreen.xib;
			sourceTree = "<group>";
		};
/* End PBXVariantGroup section */

/* Begin XCBuildConfiguration section */
		ADDF0F711B39ED9300594445 /* Debug */ = {
			isa = XCBuildConfiguration;
			buildSettings = {
				ALWAYS_SEARCH_USER_PATHS = NO;
				CLANG_CXX_LANGUAGE_STANDARD = "gnu++0x";
				CLANG_CXX_LIBRARY = "libc++";
				CLANG_ENABLE_MODULES = YES;
				CLANG_ENABLE_OBJC_ARC = YES;
				CLANG_WARN_BOOL_CONVERSION = YES;
				CLANG_WARN_CONSTANT_CONVERSION = YES;
				CLANG_WARN_DIRECT_OBJC_ISA_USAGE = YES_ERROR;
				CLANG_WARN_EMPTY_BODY = YES;
				CLANG_WARN_ENUM_CONVERSION = YES;
				CLANG_WARN_INT_CONVERSION = YES;
				CLANG_WARN_OBJC_ROOT_CLASS = YES_ERROR;
				CLANG_WARN_UNREACHABLE_CODE = YES;
				CLANG_WARN__DUPLICATE_METHOD_MATCH = YES;
				"CODE_SIGN_IDENTITY[sdk=iphoneos*]" = "iPhone Developer";
				COPY_PHASE_STRIP = NO;
				DEBUG_INFORMATION_FORMAT = "dwarf-with-dsym";
				ENABLE_STRICT_OBJC_MSGSEND = YES;
				GCC_C_LANGUAGE_STANDARD = gnu99;
				GCC_DYNAMIC_NO_PIC = NO;
				GCC_NO_COMMON_BLOCKS = YES;
				GCC_OPTIMIZATION_LEVEL = 0;
				GCC_PREPROCESSOR_DEFINITIONS = (
					"DEBUG=1",
					"$(inherited)",
				);
				GCC_SYMBOLS_PRIVATE_EXTERN = NO;
				GCC_WARN_64_TO_32_BIT_CONVERSION = YES;
				GCC_WARN_ABOUT_RETURN_TYPE = YES_ERROR;
				GCC_WARN_UNDECLARED_SELECTOR = YES;
				GCC_WARN_UNINITIALIZED_AUTOS = YES_AGGRESSIVE;
				GCC_WARN_UNUSED_FUNCTION = YES;
				GCC_WARN_UNUSED_VARIABLE = YES;
				IPHONEOS_DEPLOYMENT_TARGET = 8.3;
				MTL_ENABLE_DEBUG_INFO = YES;
				ONLY_ACTIVE_ARCH = YES;
				SDKROOT = iphoneos;
				SWIFT_OPTIMIZATION_LEVEL = "-Onone";
			};
			name = Debug;
		};
		ADDF0F721B39ED9300594445 /* Release */ = {
			isa = XCBuildConfiguration;
			buildSettings = {
				ALWAYS_SEARCH_USER_PATHS = NO;
				CLANG_CXX_LANGUAGE_STANDARD = "gnu++0x";
				CLANG_CXX_LIBRARY = "libc++";
				CLANG_ENABLE_MODULES = YES;
				CLANG_ENABLE_OBJC_ARC = YES;
				CLANG_WARN_BOOL_CONVERSION = YES;
				CLANG_WARN_CONSTANT_CONVERSION = YES;
				CLANG_WARN_DIRECT_OBJC_ISA_USAGE = YES_ERROR;
				CLANG_WARN_EMPTY_BODY = YES;
				CLANG_WARN_ENUM_CONVERSION = YES;
				CLANG_WARN_INT_CONVERSION = YES;
				CLANG_WARN_OBJC_ROOT_CLASS = YES_ERROR;
				CLANG_WARN_UNREACHABLE_CODE = YES;
				CLANG_WARN__DUPLICATE_METHOD_MATCH = YES;
				"CODE_SIGN_IDENTITY[sdk=iphoneos*]" = "iPhone Developer";
				COPY_PHASE_STRIP = NO;
				DEBUG_INFORMATION_FORMAT = "dwarf-with-dsym";
				ENABLE_NS_ASSERTIONS = NO;
				ENABLE_STRICT_OBJC_MSGSEND = YES;
				GCC_C_LANGUAGE_STANDARD = gnu99;
				GCC_NO_COMMON_BLOCKS = YES;
				GCC_WARN_64_TO_32_BIT_CONVERSION = YES;
				GCC_WARN_ABOUT_RETURN_TYPE = YES_ERROR;
				GCC_WARN_UNDECLARED_SELECTOR = YES;
				GCC_WARN_UNINITIALIZED_AUTOS = YES_AGGRESSIVE;
				GCC_WARN_UNUSED_FUNCTION = YES;
				GCC_WARN_UNUSED_VARIABLE = YES;
				IPHONEOS_DEPLOYMENT_TARGET = 8.3;
				MTL_ENABLE_DEBUG_INFO = NO;
				SDKROOT = iphoneos;
				VALIDATE_PRODUCT = YES;
			};
			name = Release;
		};
		ADDF0F741B39ED9300594445 /* Debug */ = {
			isa = XCBuildConfiguration;
			buildSettings = {
				ASSETCATALOG_COMPILER_APPICON_NAME = AppIcon;
				FRAMEWORK_SEARCH_PATHS = (
					"$(inherited)",
					"$(PROJECT_DIR)",
				);
				INFOPLIST_FILE = TennisNotes/Info.plist;
				LD_RUNPATH_SEARCH_PATHS = "$(inherited) @executable_path/Frameworks";
				PRODUCT_NAME = "$(TARGET_NAME)";
			};
			name = Debug;
		};
		ADDF0F751B39ED9300594445 /* Release */ = {
			isa = XCBuildConfiguration;
			buildSettings = {
				ASSETCATALOG_COMPILER_APPICON_NAME = AppIcon;
				FRAMEWORK_SEARCH_PATHS = (
					"$(inherited)",
					"$(PROJECT_DIR)",
				);
				INFOPLIST_FILE = TennisNotes/Info.plist;
				LD_RUNPATH_SEARCH_PATHS = "$(inherited) @executable_path/Frameworks";
				PRODUCT_NAME = "$(TARGET_NAME)";
			};
			name = Release;
		};
		ADDF0F771B39ED9300594445 /* Debug */ = {
			isa = XCBuildConfiguration;
			buildSettings = {
				BUNDLE_LOADER = "$(TEST_HOST)";
				FRAMEWORK_SEARCH_PATHS = (
					"$(SDKROOT)/Developer/Library/Frameworks",
					"$(inherited)",
				);
				GCC_PREPROCESSOR_DEFINITIONS = (
					"DEBUG=1",
					"$(inherited)",
				);
				INFOPLIST_FILE = TennisNotesTests/Info.plist;
				LD_RUNPATH_SEARCH_PATHS = "$(inherited) @executable_path/Frameworks @loader_path/Frameworks";
				PRODUCT_NAME = "$(TARGET_NAME)";
				TEST_HOST = "$(BUILT_PRODUCTS_DIR)/TennisNotes.app/TennisNotes";
			};
			name = Debug;
		};
		ADDF0F781B39ED9300594445 /* Release */ = {
			isa = XCBuildConfiguration;
			buildSettings = {
				BUNDLE_LOADER = "$(TEST_HOST)";
				FRAMEWORK_SEARCH_PATHS = (
					"$(SDKROOT)/Developer/Library/Frameworks",
					"$(inherited)",
				);
				INFOPLIST_FILE = TennisNotesTests/Info.plist;
				LD_RUNPATH_SEARCH_PATHS = "$(inherited) @executable_path/Frameworks @loader_path/Frameworks";
				PRODUCT_NAME = "$(TARGET_NAME)";
				TEST_HOST = "$(BUILT_PRODUCTS_DIR)/TennisNotes.app/TennisNotes";
			};
			name = Release;
		};
/* End XCBuildConfiguration section */

/* Begin XCConfigurationList section */
		ADDF0F4F1B39ED9300594445 /* Build configuration list for PBXProject "TennisNotes" */ = {
			isa = XCConfigurationList;
			buildConfigurations = (
				ADDF0F711B39ED9300594445 /* Debug */,
				ADDF0F721B39ED9300594445 /* Release */,
			);
			defaultConfigurationIsVisible = 0;
			defaultConfigurationName = Release;
		};
		ADDF0F731B39ED9300594445 /* Build configuration list for PBXNativeTarget "TennisNotes" */ = {
			isa = XCConfigurationList;
			buildConfigurations = (
				ADDF0F741B39ED9300594445 /* Debug */,
				ADDF0F751B39ED9300594445 /* Release */,
			);
			defaultConfigurationIsVisible = 0;
			defaultConfigurationName = Release;
		};
		ADDF0F761B39ED9300594445 /* Build configuration list for PBXNativeTarget "TennisNotesTests" */ = {
			isa = XCConfigurationList;
			buildConfigurations = (
				ADDF0F771B39ED9300594445 /* Debug */,
				ADDF0F781B39ED9300594445 /* Release */,
			);
			defaultConfigurationIsVisible = 0;
			defaultConfigurationName = Release;
		};
/* End XCConfigurationList section */
	};
	rootObject = ADDF0F4C1B39ED9300594445 /* Project object */;
}
